
Microsoft Visual Studio Solution File, Format Version 12.00
# Visual Studio Version 16
VisualStudioVersion = 16.0.29306.81
MinimumVisualStudioVersion = 10.0.40219.1
Project("{9A19103F-16F7-4668-BE54-9A1E7A4F7556}") = "TestClient", "TestClient\TestClient.csproj", "{9745619B-B74A-4E51-B445-1743C437A802}"
EndProject
Project("{9A19103F-16F7-4668-BE54-9A1E7A4F7556}") = "IdentityServer", "IdentityServer\IdentityServer.csproj", "{69B995EA-DEBB-4108-9135-CC07C7F46D40}"
EndProject
Project("{9A19103F-16F7-4668-BE54-9A1E7A4F7556}") = "TestAPI", "TestAPI\TestAPI.csproj", "{D35EF245-251F-40DD-8F17-C2B20D70EC52}"
EndProject
Project("{FAE04EC0-301F-11D3-BF4B-00C04F79EFBC}") = "LocationAPI", "LocationAPI\LocationAPI.csproj", "{71F6C301-713F-4186-B551-6CB686A2EC6A}"
EndProject
Project("{FAE04EC0-301F-11D3-BF4B-00C04F79EFBC}") = "UserAPI", "UserAPI\UserAPI.csproj", "{921BF052-D356-4DB8-AEED-28C25CE9F457}"
EndProject
Global
	GlobalSection(SolutionConfigurationPlatforms) = preSolution
		Debug|Any CPU = Debug|Any CPU
		Release|Any CPU = Release|Any CPU
	EndGlobalSection
	GlobalSection(ProjectConfigurationPlatforms) = postSolution
		{9745619B-B74A-4E51-B445-1743C437A802}.Debug|Any CPU.ActiveCfg = Debug|Any CPU
		{9745619B-B74A-4E51-B445-1743C437A802}.Debug|Any CPU.Build.0 = Debug|Any CPU
		{9745619B-B74A-4E51-B445-1743C437A802}.Release|Any CPU.ActiveCfg = Release|Any CPU
		{9745619B-B74A-4E51-B445-1743C437A802}.Release|Any CPU.Build.0 = Release|Any CPU
		{69B995EA-DEBB-4108-9135-CC07C7F46D40}.Debug|Any CPU.ActiveCfg = Debug|Any CPU
		{69B995EA-DEBB-4108-9135-CC07C7F46D40}.Debug|Any CPU.Build.0 = Debug|Any CPU
		{69B995EA-DEBB-4108-9135-CC07C7F46D40}.Release|Any CPU.ActiveCfg = Release|Any CPU
		{69B995EA-DEBB-4108-9135-CC07C7F46D40}.Release|Any CPU.Build.0 = Release|Any CPU
		{D35EF245-251F-40DD-8F17-C2B20D70EC52}.Debug|Any CPU.ActiveCfg = Debug|Any CPU
		{D35EF245-251F-40DD-8F17-C2B20D70EC52}.Debug|Any CPU.Build.0 = Debug|Any CPU
		{D35EF245-251F-40DD-8F17-C2B20D70EC52}.Release|Any CPU.ActiveCfg = Release|Any CPU
		{D35EF245-251F-40DD-8F17-C2B20D70EC52}.Release|Any CPU.Build.0 = Release|Any CPU
		{71F6C301-713F-4186-B551-6CB686A2EC6A}.Debug|Any CPU.ActiveCfg = Debug|Any CPU
		{71F6C301-713F-4186-B551-6CB686A2EC6A}.Debug|Any CPU.Build.0 = Debug|Any CPU
		{71F6C301-713F-4186-B551-6CB686A2EC6A}.Release|Any CPU.ActiveCfg = Release|Any CPU
		{71F6C301-713F-4186-B551-6CB686A2EC6A}.Release|Any CPU.Build.0 = Release|Any CPU
		{921BF052-D356-4DB8-AEED-28C25CE9F457}.Debug|Any CPU.ActiveCfg = Debug|Any CPU
		{921BF052-D356-4DB8-AEED-28C25CE9F457}.Debug|Any CPU.Build.0 = Debug|Any CPU
		{921BF052-D356-4DB8-AEED-28C25CE9F457}.Release|Any CPU.ActiveCfg = Release|Any CPU
		{921BF052-D356-4DB8-AEED-28C25CE9F457}.Release|Any CPU.Build.0 = Release|Any CPU
	EndGlobalSection
	GlobalSection(SolutionProperties) = preSolution
		HideSolutionNode = FALSE
	EndGlobalSection
	GlobalSection(ExtensibilityGlobals) = postSolution
		SolutionGuid = {CB1A48FD-95F6-4E0D-8ED7-507F01BE2F30}
	EndGlobalSection
EndGlobal
